
Microsoft Visual Studio Solution File, Format Version 12.00
# Visual Studio 2012
Project("{FAE04EC0-301F-11D3-BF4B-00C04F79EFBC}") = "Checkout-Kata", "Checkout-Kata\Checkout-Kata.csproj", "{814455D8-CCC7-46DB-8C71-99702C32F01C}"
EndProject
Global
	GlobalSection(SolutionConfigurationPlatforms) = preSolution
		Debug|Any CPU = Debug|Any CPU
		Release|Any CPU = Release|Any CPU
	EndGlobalSection
	GlobalSection(ProjectConfigurationPlatforms) = postSolution
		{814455D8-CCC7-46DB-8C71-99702C32F01C}.Debug|Any CPU.ActiveCfg = Debug|Any CPU
		{814455D8-CCC7-46DB-8C71-99702C32F01C}.Debug|Any CPU.Build.0 = Debug|Any CPU
		{814455D8-CCC7-46DB-8C71-99702C32F01C}.Release|Any CPU.ActiveCfg = Release|Any CPU
		{814455D8-CCC7-46DB-8C71-99702C32F01C}.Release|Any CPU.Build.0 = Release|Any CPU
	EndGlobalSection
	GlobalSection(SolutionProperties) = preSolution
		HideSolutionNode = FALSE
	EndGlobalSection
EndGlobal
